PODS:
  - FlutterMacOS (1.0.0)
  - maidpty (0.0.1):
    - FlutterMacOS

DEPENDENCIES:
  - FlutterMacOS (from `Flutter/ephemeral`)
  - maidpty (from `Flutter/ephemeral/.symlinks/plugins/maidpty/macos`)

EXTERNAL SOURCES:
  FlutterMacOS:
    :path: Flutter/ephemeral
  maidpty:
    :path: Flutter/ephemeral/.symlinks/plugins/maidpty/macos

SPEC CHECKSUMS:
  FlutterMacOS: c232990155153907050900a2e175c7773903ba4e
  maidpty: bf326ed8a18dc6ecc5171a2720195248ca81673c

PODFILE CHECKSUM: 1e95c36afbfd1cb6423ceca4de7a8e1b256fb6ac

COCOAPODS: 1.17.0
